
Microsoft Visual Studio Solution File, Format Version 12.00
# Visual Studio Version 16
VisualStudioVersion = 16.0.30011.22
MinimumVisualStudioVersion = 10.0.40219.1
Project("{FAE04EC0-301F-11D3-BF4B-00C04F79EFBC}") = "4Gewinnt_Gui", "4Gewinnt_Gui\4Gewinnt_Gui.csproj", "{39C63F76-CBB3-4232-8017-0607DD095F2F}"
EndProject
Global
	GlobalSection(SolutionConfigurationPlatforms) = preSolution
		Debug|Any CPU = Debug|Any CPU
		Release|Any CPU = Release|Any CPU
	EndGlobalSection
	GlobalSection(ProjectConfigurationPlatforms) = postSolution
		{39C63F76-CBB3-4232-8017-0607DD095F2F}.Debug|Any CPU.ActiveCfg = Debug|Any CPU
		{39C63F76-CBB3-4232-8017-0607DD095F2F}.Debug|Any CPU.Build.0 = Debug|Any CPU
		{39C63F76-CBB3-4232-8017-0607DD095F2F}.Release|Any CPU.ActiveCfg = Release|Any CPU
		{39C63F76-CBB3-4232-8017-0607DD095F2F}.Release|Any CPU.Build.0 = Release|Any CPU
	EndGlobalSection
	GlobalSection(SolutionProperties) = preSolution
		HideSolutionNode = FALSE
	EndGlobalSection
	GlobalSection(ExtensibilityGlobals) = postSolution
		SolutionGuid = {7837741D-9A99-4BDA-876D-997F0D0C1047}
	EndGlobalSection
EndGlobal
